// !$*UTF8*$!
{
	archiveVersion = 1;
	classes = {
	};
	objectVersion = 46;
	objects = {

/* Begin PBXBuildFile section */
		9A95A94018C04A5500DF4C85 /* Foundation.framework in Frameworks */ = {isa = PBXBuildFile; fileRef = 9A95A93F18C04A5500DF4C85 /* Foundation.framework */; };
		9A95A94218C04A5500DF4C85 /* CoreGraphics.framework in Frameworks */ = {isa = PBXBuildFile; fileRef = 9A95A94118C04A5500DF4C85 /* CoreGraphics.framework */; };
		9A95A94418C04A5500DF4C85 /* UIKit.framework in Frameworks */ = {isa = PBXBuildFile; fileRef = 9A95A94318C04A5500DF4C85 /* UIKit.framework */; };
		9A95A94A18C04A5500DF4C85 /* InfoPlist.strings in Resources */ = {isa = PBXBuildFile; fileRef = 9A95A94818C04A5500DF4C85 /* InfoPlist.strings */; };
		9A95A94C18C04A5500DF4C85 /* main.m in Sources */ = {isa = PBXBuildFile; fileRef = 9A95A94B18C04A5500DF4C85 /* main.m */; };
		9A95A95218C04A5500DF4C85 /* Images.xcassets in Resources */ = {isa = PBXBuildFile; fileRef = 9A95A95118C04A5500DF4C85 /* Images.xcassets */; };
		9A95A95918C04A5500DF4C85 /* XCTest.framework in Frameworks */ = {isa = PBXBuildFile; fileRef = 9A95A95818C04A5500DF4C85 /* XCTest.framework */; };
		9A95A95A18C04A5500DF4C85 /* Foundation.framework in Frameworks */ = {isa = PBXBuildFile; fileRef = 9A95A93F18C04A5500DF4C85 /* Foundation.framework */; };
		9A95A95B18C04A5500DF4C85 /* UIKit.framework in Frameworks */ = {isa = PBXBuildFile; fileRef = 9A95A94318C04A5500DF4C85 /* UIKit.framework */; };
		9A95A96318C04A5500DF4C85 /* InfoPlist.strings in Resources */ = {isa = PBXBuildFile; fileRef = 9A95A96118C04A5500DF4C85 /* InfoPlist.strings */; };
		9A95A96518C04A5500DF4C85 /* UniversalTests.m in Sources */ = {isa = PBXBuildFile; fileRef = 9A95A96418C04A5500DF4C85 /* UniversalTests.m */; };
		9A95A97F18C04BF300DF4C85 /* AppDelegate.m in Sources */ = {isa = PBXBuildFile; fileRef = 9A95A97918C04BF300DF4C85 /* AppDelegate.m */; };
		9A95A98018C04BF300DF4C85 /* RootViewController.m in Sources */ = {isa = PBXBuildFile; fileRef = 9A95A97C18C04BF300DF4C85 /* RootViewController.m */; };
		9A95A98118C04BF300DF4C85 /* RootViewController~ipad.xib in Resources */ = {isa = PBXBuildFile; fileRef = 9A95A97D18C04BF300DF4C85 /* RootViewController~ipad.xib */; };
		9A95A98218C04BF300DF4C85 /* RootViewController~iphone.xib in Resources */ = {isa = PBXBuildFile; fileRef = 9A95A97E18C04BF300DF4C85 /* RootViewController~iphone.xib */; };
		9A95A99118C04C7800DF4C85 /* OperationViewController.m in Sources */ = {isa = PBXBuildFile; fileRef = 9A95A98E18C04C7800DF4C85 /* OperationViewController.m */; };
		9A95A99218C04C7800DF4C85 /* OperationViewController~ipad.xib in Resources */ = {isa = PBXBuildFile; fileRef = 9A95A98F18C04C7800DF4C85 /* OperationViewController~ipad.xib */; };
		9A95A99318C04C7800DF4C85 /* OperationViewController~iphone.xib in Resources */ = {isa = PBXBuildFile; fileRef = 9A95A99018C04C7800DF4C85 /* OperationViewController~iphone.xib */; };
/* End PBXBuildFile section */

/* Begin PBXContainerItemProxy section */
		9A95A95C18C04A5500DF4C85 /* PBXContainerItemProxy */ = {
			isa = PBXContainerItemProxy;
			containerPortal = 9A95A93418C04A5500DF4C85 /* Project object */;
			proxyType = 1;
			remoteGlobalIDString = 9A95A93B18C04A5500DF4C85;
			remoteInfo = Universal;
		};
/* End PBXContainerItemProxy section */

/* Begin PBXFileReference section */
		9A95A93C18C04A5500DF4C85 /* Universal.app */ = {isa = PBXFileReference; explicitFileType = wrapper.application; includeInIndex = 0; path = Universal.app; sourceTree = BUILT_PRODUCTS_DIR; };
		9A95A93F18C04A5500DF4C85 /* Foundation.framework */ = {isa = PBXFileReference; lastKnownFileType = wrapper.framework; name = Foundation.framework; path = System/Library/Frameworks/Foundation.framework; sourceTree = SDKROOT; };
		9A95A94118C04A5500DF4C85 /* CoreGraphics.framework */ = {isa = PBXFileReference; lastKnownFileType = wrapper.framework; name = CoreGraphics.framework; path = System/Library/Frameworks/CoreGraphics.framework; sourceTree = SDKROOT; };
		9A95A94318C04A5500DF4C85 /* UIKit.framework */ = {isa = PBXFileReference; lastKnownFileType = wrapper.framework; name = UIKit.framework; path = System/Library/Frameworks/UIKit.framework; sourceTree = SDKROOT; };
		9A95A94718C04A5500DF4C85 /* Universal-Info.plist */ = {isa = PBXFileReference; lastKnownFileType = text.plist.xml; path = "Universal-Info.plist"; sourceTree = "<group>"; };
		9A95A94918C04A5500DF4C85 /* en */ = {isa = PBXFileReference; lastKnownFileType = text.plist.strings; name = en; path = en.lproj/InfoPlist.strings; sourceTree = "<group>"; };
		9A95A94B18C04A5500DF4C85 /* main.m */ = {isa = PBXFileReference; lastKnownFileType = sourcecode.c.objc; path = main.m; sourceTree = "<group>"; };
		9A95A94D18C04A5500DF4C85 /* Universal-Prefix.pch */ = {isa = PBXFileReference; lastKnownFileType = sourcecode.c.h; path = "Universal-Prefix.pch"; sourceTree = "<group>"; };
		9A95A95118C04A5500DF4C85 /* Images.xcassets */ = {isa = PBXFileReference; lastKnownFileType = folder.assetcatalog; path = Images.xcassets; sourceTree = "<group>"; };
		9A95A95718C04A5500DF4C85 /* UniversalTests.xctest */ = {isa = PBXFileReference; explicitFileType = wrapper.cfbundle; includeInIndex = 0; path = UniversalTests.xctest; sourceTree = BUILT_PRODUCTS_DIR; };
		9A95A95818C04A5500DF4C85 /* XCTest.framework */ = {isa = PBXFileReference; lastKnownFileType = wrapper.framework; name = XCTest.framework; path = Library/Frameworks/XCTest.framework; sourceTree = DEVELOPER_DIR; };
		9A95A96018C04A5500DF4C85 /* UniversalTests-Info.plist */ = {isa = PBXFileReference; lastKnownFileType = text.plist.xml; path = "UniversalTests-Info.plist"; sourceTree = "<group>"; };
		9A95A96218C04A5500DF4C85 /* en */ = {isa = PBXFileReference; lastKnownFileType = text.plist.strings; name = en; path = en.lproj/InfoPlist.strings; sourceTree = "<group>"; };
		9A95A96418C04A5500DF4C85 /* UniversalTests.m */ = {isa = PBXFileReference; lastKnownFileType = sourcecode.c.objc; path = UniversalTests.m; sourceTree = "<group>"; };
		9A95A97818C04BF300DF4C85 /* AppDelegate.h */ = {isa = PBXFileReference; fileEncoding = 4; lastKnownFileType = sourcecode.c.h; path = AppDelegate.h; sourceTree = "<group>"; };
		9A95A97918C04BF300DF4C85 /* AppDelegate.m */ = {isa = PBXFileReference; fileEncoding = 4; lastKnownFileType = sourcecode.c.objc; path = AppDelegate.m; sourceTree = "<group>"; };
		9A95A97B18C04BF300DF4C85 /* RootViewController.h */ = {isa = PBXFileReference; fileEncoding = 4; lastKnownFileType = sourcecode.c.h; path = RootViewController.h; sourceTree = "<group>"; };
		9A95A97C18C04BF300DF4C85 /* RootViewController.m */ = {isa = PBXFileReference; fileEncoding = 4; lastKnownFileType = sourcecode.c.objc; path = RootViewController.m; sourceTree = "<group>"; };
		9A95A97D18C04BF300DF4C85 /* RootViewController~ipad.xib */ = {isa = PBXFileReference; fileEncoding = 4; lastKnownFileType = file.xib; path = "RootViewController~ipad.xib"; sourceTree = "<group>"; };
		9A95A97E18C04BF300DF4C85 /* RootViewController~iphone.xib */ = {isa = PBXFileReference; fileEncoding = 4; lastKnownFileType = file.xib; path = "RootViewController~iphone.xib"; sourceTree = "<group>"; };
		9A95A98D18C04C7800DF4C85 /* OperationViewController.h */ = {isa = PBXFileReference; fileEncoding = 4; lastKnownFileType = sourcecode.c.h; path = OperationViewController.h; sourceTree = "<group>"; };
		9A95A98E18C04C7800DF4C85 /* OperationViewController.m */ = {isa = PBXFileReference; fileEncoding = 4; lastKnownFileType = sourcecode.c.objc; path = OperationViewController.m; sourceTree = "<group>"; };
		9A95A98F18C04C7800DF4C85 /* OperationViewController~ipad.xib */ = {isa = PBXFileReference; fileEncoding = 4; lastKnownFileType = file.xib; path = "OperationViewController~ipad.xib"; sourceTree = "<group>"; };
		9A95A99018C04C7800DF4C85 /* OperationViewController~iphone.xib */ = {isa = PBXFileReference; fileEncoding = 4; lastKnownFileType = file.xib; path = "OperationViewController~iphone.xib"; sourceTree = "<group>"; };
/* End PBXFileReference section */

/* Begin PBXFrameworksBuildPhase section */
		9A95A93918C04A5500DF4C85 /* Frameworks */ = {
			isa = PBXFrameworksBuildPhase;
			buildActionMask = 2147483647;
			files = (
				9A95A94218C04A5500DF4C85 /* CoreGraphics.framework in Frameworks */,
				9A95A94418C04A5500DF4C85 /* UIKit.framework in Frameworks */,
				9A95A94018C04A5500DF4C85 /* Foundation.framework in Frameworks */,
			);
			runOnlyForDeploymentPostprocessing = 0;
		};
		9A95A95418C04A5500DF4C85 /* Frameworks */ = {
			isa = PBXFrameworksBuildPhase;
			buildActionMask = 2147483647;
			files = (
				9A95A95918C04A5500DF4C85 /* XCTest.framework in Frameworks */,
				9A95A95B18C04A5500DF4C85 /* UIKit.framework in Frameworks */,
				9A95A95A18C04A5500DF4C85 /* Foundation.framework in Frameworks */,
			);
			runOnlyForDeploymentPostprocessing = 0;
		};
/* End PBXFrameworksBuildPhase section */

/* Begin PBXGroup section */
		9A95A93318C04A5500DF4C85 = {
			isa = PBXGroup;
			children = (
				9A95A94518C04A5500DF4C85 /* Universal */,
				9A95A95E18C04A5500DF4C85 /* UniversalTests */,
				9A95A93E18C04A5500DF4C85 /* Frameworks */,
				9A95A93D18C04A5500DF4C85 /* Products */,
			);
			sourceTree = "<group>";
		};
		9A95A93D18C04A5500DF4C85 /* Products */ = {
			isa = PBXGroup;
			children = (
				9A95A93C18C04A5500DF4C85 /* Universal.app */,
				9A95A95718C04A5500DF4C85 /* UniversalTests.xctest */,
			);
			name = Products;
			sourceTree = "<group>";
		};
		9A95A93E18C04A5500DF4C85 /* Frameworks */ = {
			isa = PBXGroup;
			children = (
				9A95A93F18C04A5500DF4C85 /* Foundation.framework */,
				9A95A94118C04A5500DF4C85 /* CoreGraphics.framework */,
				9A95A94318C04A5500DF4C85 /* UIKit.framework */,
				9A95A95818C04A5500DF4C85 /* XCTest.framework */,
			);
			name = Frameworks;
			sourceTree = "<group>";
		};
		9A95A94518C04A5500DF4C85 /* Universal */ = {
			isa = PBXGroup;
			children = (
				9A95A97718C04BF300DF4C85 /* AppDelegate */,
				9A95A97A18C04BF300DF4C85 /* RootViewController */,
				9A95A98C18C04C7800DF4C85 /* OperationViewController */,
				9A95A95118C04A5500DF4C85 /* Images.xcassets */,
				9A95A94618C04A5500DF4C85 /* Supporting Files */,
			);
			path = Universal;
			sourceTree = "<group>";
		};
		9A95A94618C04A5500DF4C85 /* Supporting Files */ = {
			isa = PBXGroup;
			children = (
				9A95A94718C04A5500DF4C85 /* Universal-Info.plist */,
				9A95A94818C04A5500DF4C85 /* InfoPlist.strings */,
				9A95A94B18C04A5500DF4C85 /* main.m */,
				9A95A94D18C04A5500DF4C85 /* Universal-Prefix.pch */,
			);
			name = "Supporting Files";
			sourceTree = "<group>";
		};
		9A95A95E18C04A5500DF4C85 /* UniversalTests */ = {
			isa = PBXGroup;
			children = (
				9A95A96418C04A5500DF4C85 /* UniversalTests.m */,
				9A95A95F18C04A5500DF4C85 /* Supporting Files */,
			);
			path = UniversalTests;
			sourceTree = "<group>";
		};
		9A95A95F18C04A5500DF4C85 /* Supporting Files */ = {
			isa = PBXGroup;
			children = (
				9A95A96018C04A5500DF4C85 /* UniversalTests-Info.plist */,
				9A95A96118C04A5500DF4C85 /* InfoPlist.strings */,
			);
			name = "Supporting Files";
			sourceTree = "<group>";
		};
		9A95A97718C04BF300DF4C85 /* AppDelegate */ = {
			isa = PBXGroup;
			children = (
				9A95A97818C04BF300DF4C85 /* AppDelegate.h */,
				9A95A97918C04BF300DF4C85 /* AppDelegate.m */,
			);
			path = AppDelegate;
			sourceTree = "<group>";
		};
		9A95A97A18C04BF300DF4C85 /* RootViewController */ = {
			isa = PBXGroup;
			children = (
				9A95A97B18C04BF300DF4C85 /* RootViewController.h */,
				9A95A97C18C04BF300DF4C85 /* RootViewController.m */,
				9A95A97D18C04BF300DF4C85 /* RootViewController~ipad.xib */,
				9A95A97E18C04BF300DF4C85 /* RootViewController~iphone.xib */,
			);
			path = RootViewController;
			sourceTree = "<group>";
		};
		9A95A98C18C04C7800DF4C85 /* OperationViewController */ = {
			isa = PBXGroup;
			children = (
				9A95A98D18C04C7800DF4C85 /* OperationViewController.h */,
				9A95A98E18C04C7800DF4C85 /* OperationViewController.m */,
				9A95A98F18C04C7800DF4C85 /* OperationViewController~ipad.xib */,
				9A95A99018C04C7800DF4C85 /* OperationViewController~iphone.xib */,
			);
			path = OperationViewController;
			sourceTree = "<group>";
		};
/* End PBXGroup section */

/* Begin PBXNativeTarget section */
		9A95A93B18C04A5500DF4C85 /* Universal */ = {
			isa = PBXNativeTarget;
			buildConfigurationList = 9A95A96818C04A5500DF4C85 /* Build configuration list for PBXNativeTarget "Universal" */;
			buildPhases = (
				9A95A93818C04A5500DF4C85 /* Sources */,
				9A95A93918C04A5500DF4C85 /* Frameworks */,
				9A95A93A18C04A5500DF4C85 /* Resources */,
			);
			buildRules = (
			);
			dependencies = (
			);
			name = Universal;
			productName = Universal;
			productReference = 9A95A93C18C04A5500DF4C85 /* Universal.app */;
			productType = "com.apple.product-type.application";
		};
		9A95A95618C04A5500DF4C85 /* UniversalTests */ = {
			isa = PBXNativeTarget;
			buildConfigurationList = 9A95A96B18C04A5500DF4C85 /* Build configuration list for PBXNativeTarget "UniversalTests" */;
			buildPhases = (
				9A95A95318C04A5500DF4C85 /* Sources */,
				9A95A95418C04A5500DF4C85 /* Frameworks */,
				9A95A95518C04A5500DF4C85 /* Resources */,
			);
			buildRules = (
			);
			dependencies = (
				9A95A95D18C04A5500DF4C85 /* PBXTargetDependency */,
			);
			name = UniversalTests;
			productName = UniversalTests;
			productReference = 9A95A95718C04A5500DF4C85 /* UniversalTests.xctest */;
			productType = "com.apple.product-type.bundle.unit-test";
		};
/* End PBXNativeTarget section */

/* Begin PBXProject section */
		9A95A93418C04A5500DF4C85 /* Project object */ = {
			isa = PBXProject;
			attributes = {
				LastUpgradeCheck = 0500;
				ORGANIZATIONNAME = "IMpulse (BD) Ltd.";
				TargetAttributes = {
					9A95A95618C04A5500DF4C85 = {
						TestTargetID = 9A95A93B18C04A5500DF4C85;
					};
				};
			};
			buildConfigurationList = 9A95A93718C04A5500DF4C85 /* Build configuration list for PBXProject "Universal" */;
			compatibilityVersion = "Xcode 3.2";
			developmentRegion = English;
			hasScannedForEncodings = 0;
			knownRegions = (
				en,
			);
			mainGroup = 9A95A93318C04A5500DF4C85;
			productRefGroup = 9A95A93D18C04A5500DF4C85 /* Products */;
			projectDirPath = "";
			projectRoot = "";
			targets = (
				9A95A93B18C04A5500DF4C85 /* Universal */,
				9A95A95618C04A5500DF4C85 /* UniversalTests */,
			);
		};
/* End PBXProject section */

/* Begin PBXResourcesBuildPhase section */
		9A95A93A18C04A5500DF4C85 /* Resources */ = {
			isa = PBXResourcesBuildPhase;
			buildActionMask = 2147483647;
			files = (
				9A95A98118C04BF300DF4C85 /* RootViewController~ipad.xib in Resources */,
				9A95A94A18C04A5500DF4C85 /* InfoPlist.strings in Resources */,
				9A95A99318C04C7800DF4C85 /* OperationViewController~iphone.xib in Resources */,
				9A95A98218C04BF300DF4C85 /* RootViewController~iphone.xib in Resources */,
				9A95A95218C04A5500DF4C85 /* Images.xcassets in Resources */,
				9A95A99218C04C7800DF4C85 /* OperationViewController~ipad.xib in Resources */,
			);
			runOnlyForDeploymentPostprocessing = 0;
		};
		9A95A95518C04A5500DF4C85 /* Resources */ = {
			isa = PBXResourcesBuildPhase;
			buildActionMask = 2147483647;
			files = (
				9A95A96318C04A5500DF4C85 /* InfoPlist.strings in Resources */,
			);
			runOnlyForDeploymentPostprocessing = 0;
		};
/* End PBXResourcesBuildPhase section */

/* Begin PBXSourcesBuildPhase section */
		9A95A93818C04A5500DF4C85 /* Sources */ = {
			isa = PBXSourcesBuildPhase;
			buildActionMask = 2147483647;
			files = (
				9A95A99118C04C7800DF4C85 /* OperationViewController.m in Sources */,
				9A95A97F18C04BF300DF4C85 /* AppDelegate.m in Sources */,
				9A95A94C18C04A5500DF4C85 /* main.m in Sources */,
				9A95A98018C04BF300DF4C85 /* RootViewController.m in Sources */,
			);
			runOnlyForDeploymentPostprocessing = 0;
		};
		9A95A95318C04A5500DF4C85 /* Sources */ = {
			isa = PBXSourcesBuildPhase;
			buildActionMask = 2147483647;
			files = (
				9A95A96518C04A5500DF4C85 /* UniversalTests.m in Sources */,
			);
			runOnlyForDeploymentPostprocessing = 0;
		};
/* End PBXSourcesBuildPhase section */

/* Begin PBXTargetDependency section */
		9A95A95D18C04A5500DF4C85 /* PBXTargetDependency */ = {
			isa = PBXTargetDependency;
			target = 9A95A93B18C04A5500DF4C85 /* Universal */;
			targetProxy = 9A95A95C18C04A5500DF4C85 /* PBXContainerItemProxy */;
		};
/* End PBXTargetDependency section */

/* Begin PBXVariantGroup section */
		9A95A94818C04A5500DF4C85 /* InfoPlist.strings */ = {
			isa = PBXVariantGroup;
			children = (
				9A95A94918C04A5500DF4C85 /* en */,
			);
			name = InfoPlist.strings;
			sourceTree = "<group>";
		};
		9A95A96118C04A5500DF4C85 /* InfoPlist.strings */ = {
			isa = PBXVariantGroup;
			children = (
				9A95A96218C04A5500DF4C85 /* en */,
			);
			name = InfoPlist.strings;
			sourceTree = "<group>";
		};
/* End PBXVariantGroup section */

/* Begin XCBuildConfiguration section */
		9A95A96618C04A5500DF4C85 /* Debug */ = {
			isa = XCBuildConfiguration;
			buildSettings = {
				ALWAYS_SEARCH_USER_PATHS = NO;
				ARCHS = "$(ARCHS_STANDARD_INCLUDING_64_BIT)";
				CLANG_CXX_LANGUAGE_STANDARD = "gnu++0x";
				CLANG_CXX_LIBRARY = "libc++";
				CLANG_ENABLE_MODULES = YES;
				CLANG_ENABLE_OBJC_ARC = YES;
				CLANG_WARN_BOOL_CONVERSION = YES;
				CLANG_WARN_CONSTANT_CONVERSION = YES;
				CLANG_WARN_DIRECT_OBJC_ISA_USAGE = YES_ERROR;
				CLANG_WARN_EMPTY_BODY = YES;
				CLANG_WARN_ENUM_CONVERSION = YES;
				CLANG_WARN_INT_CONVERSION = YES;
				CLANG_WARN_OBJC_ROOT_CLASS = YES_ERROR;
				CLANG_WARN__DUPLICATE_METHOD_MATCH = YES;
				"CODE_SIGN_IDENTITY[sdk=iphoneos*]" = "iPhone Developer";
				COPY_PHASE_STRIP = NO;
				GCC_C_LANGUAGE_STANDARD = gnu99;
				GCC_DYNAMIC_NO_PIC = NO;
				GCC_OPTIMIZATION_LEVEL = 0;
				GCC_PREPROCESSOR_DEFINITIONS = (
					"DEBUG=1",
					"$(inherited)",
				);
				GCC_SYMBOLS_PRIVATE_EXTERN = NO;
				GCC_WARN_64_TO_32_BIT_CONVERSION = YES;
				GCC_WARN_ABOUT_RETURN_TYPE = YES_ERROR;
				GCC_WARN_UNDECLARED_SELECTOR = YES;
				GCC_WARN_UNINITIALIZED_AUTOS = YES;
				GCC_WARN_UNUSED_FUNCTION = YES;
				GCC_WARN_UNUSED_VARIABLE = YES;
				IPHONEOS_DEPLOYMENT_TARGET = 7.0;
				ONLY_ACTIVE_ARCH = YES;
				SDKROOT = iphoneos;
				TARGETED_DEVICE_FAMILY = "1,2";
			};
			name = Debug;
		};
		9A95A96718C04A5500DF4C85 /* Release */ = {
			isa = XCBuildConfiguration;
			buildSettings = {
				ALWAYS_SEARCH_USER_PATHS = NO;
				ARCHS = "$(ARCHS_STANDARD_INCLUDING_64_BIT)";
				CLANG_CXX_LANGUAGE_STANDARD = "gnu++0x";
				CLANG_CXX_LIBRARY = "libc++";
				CLANG_ENABLE_MODULES = YES;
				CLANG_ENABLE_OBJC_ARC = YES;
				CLANG_WARN_BOOL_CONVERSION = YES;
				CLANG_WARN_CONSTANT_CONVERSION = YES;
				CLANG_WARN_DIRECT_OBJC_ISA_USAGE = YES_ERROR;
				CLANG_WARN_EMPTY_BODY = YES;
				CLANG_WARN_ENUM_CONVERSION = YES;
				CLANG_WARN_INT_CONVERSION = YES;
				CLANG_WARN_OBJC_ROOT_CLASS = YES_ERROR;
				CLANG_WARN__DUPLICATE_METHOD_MATCH = YES;
				"CODE_SIGN_IDENTITY[sdk=iphoneos*]" = "iPhone Developer";
				COPY_PHASE_STRIP = YES;
				ENABLE_NS_ASSERTIONS = NO;
				GCC_C_LANGUAGE_STANDARD = gnu99;
				GCC_WARN_64_TO_32_BIT_CONVERSION = YES;
				GCC_WARN_ABOUT_RETURN_TYPE = YES_ERROR;
				GCC_WARN_UNDECLARED_SELECTOR = YES;
				GCC_WARN_UNINITIALIZED_AUTOS = YES;
				GCC_WARN_UNUSED_FUNCTION = YES;
				GCC_WARN_UNUSED_VARIABLE = YES;
				IPHONEOS_DEPLOYMENT_TARGET = 7.0;
				SDKROOT = iphoneos;
				TARGETED_DEVICE_FAMILY = "1,2";
				VALIDATE_PRODUCT = YES;
			};
			name = Release;
		};
		9A95A96918C04A5500DF4C85 /* Debug */ = {
			isa = XCBuildConfiguration;
			buildSettings = {
				ASSETCATALOG_COMPILER_APPICON_NAME = AppIcon;
				ASSETCATALOG_COMPILER_LAUNCHIMAGE_NAME = LaunchImage;
				GCC_PRECOMPILE_PREFIX_HEADER = YES;
				GCC_PREFIX_HEADER = "Universal/Universal-Prefix.pch";
				INFOPLIST_FILE = "Universal/Universal-Info.plist";
				PRODUCT_NAME = "$(TARGET_NAME)";
				WRAPPER_EXTENSION = app;
			};
			name = Debug;
		};
		9A95A96A18C04A5500DF4C85 /* Release */ = {
			isa = XCBuildConfiguration;
			buildSettings = {
				ASSETCATALOG_COMPILER_APPICON_NAME = AppIcon;
				ASSETCATALOG_COMPILER_LAUNCHIMAGE_NAME = LaunchImage;
				GCC_PRECOMPILE_PREFIX_HEADER = YES;
				GCC_PREFIX_HEADER = "Universal/Universal-Prefix.pch";
				INFOPLIST_FILE = "Universal/Universal-Info.plist";
				PRODUCT_NAME = "$(TARGET_NAME)";
				WRAPPER_EXTENSION = app;
			};
			name = Release;
		};
		9A95A96C18C04A5500DF4C85 /* Debug */ = {
			isa = XCBuildConfiguration;
			buildSettings = {
				ARCHS = "$(ARCHS_STANDARD_INCLUDING_64_BIT)";
				BUNDLE_LOADER = "$(BUILT_PRODUCTS_DIR)/Universal.app/Universal";
				FRAMEWORK_SEARCH_PATHS = (
					"$(SDKROOT)/Developer/Library/Frameworks",
					"$(inherited)",
					"$(DEVELOPER_FRAMEWORKS_DIR)",
				);
				GCC_PRECOMPILE_PREFIX_HEADER = YES;
				GCC_PREFIX_HEADER = "Universal/Universal-Prefix.pch";
				GCC_PREPROCESSOR_DEFINITIONS = (
					"DEBUG=1",
					"$(inherited)",
				);
				INFOPLIST_FILE = "UniversalTests/UniversalTests-Info.plist";
				PRODUCT_NAME = "$(TARGET_NAME)";
				TEST_HOST = "$(BUNDLE_LOADER)";
				WRAPPER_EXTENSION = xctest;
			};
			name = Debug;
		};
		9A95A96D18C04A5500DF4C85 /* Release */ = {
			isa = XCBuildConfiguration;
			buildSettings = {
				ARCHS = "$(ARCHS_STANDARD_INCLUDING_64_BIT)";
				BUNDLE_LOADER = "$(BUILT_PRODUCTS_DIR)/Universal.app/Universal";
				FRAMEWORK_SEARCH_PATHS = (
					"$(SDKROOT)/Developer/Library/Frameworks",
					"$(inherited)",
					"$(DEVELOPER_FRAMEWORKS_DIR)",
				);
				GCC_PRECOMPILE_PREFIX_HEADER = YES;
				GCC_PREFIX_HEADER = "Universal/Universal-Prefix.pch";
				INFOPLIST_FILE = "UniversalTests/UniversalTests-Info.plist";
				PRODUCT_NAME = "$(TARGET_NAME)";
				TEST_HOST = "$(BUNDLE_LOADER)";
				WRAPPER_EXTENSION = xctest;
			};
			name = Release;
		};
/* End XCBuildConfiguration section */

/* Begin XCConfigurationList section */
		9A95A93718C04A5500DF4C85 /* Build configuration list for PBXProject "Universal" */ = {
			isa = XCConfigurationList;
			buildConfigurations = (
				9A95A96618C04A5500DF4C85 /* Debug */,
				9A95A96718C04A5500DF4C85 /* Release */,
			);
			defaultConfigurationIsVisible = 0;
			defaultConfigurationName = Release;
		};
		9A95A96818C04A5500DF4C85 /* Build configuration list for PBXNativeTarget "Universal" */ = {
			isa = XCConfigurationList;
			buildConfigurations = (
				9A95A96918C04A5500DF4C85 /* Debug */,
				9A95A96A18C04A5500DF4C85 /* Release */,
			);
			defaultConfigurationIsVisible = 0;
		};
		9A95A96B18C04A5500DF4C85 /* Build configuration list for PBXNativeTarget "UniversalTests" */ = {
			isa = XCConfigurationList;
			buildConfigurations = (
				9A95A96C18C04A5500DF4C85 /* Debug */,
				9A95A96D18C04A5500DF4C85 /* Release */,
			);
			defaultConfigurationIsVisible = 0;
		};
/* End XCConfigurationList section */
	};
	rootObject = 9A95A93418C04A5500DF4C85 /* Project object */;
}
